
Microsoft Visual Studio Solution File, Format Version 12.00
# Visual Studio Version 17
VisualStudioVersion = 17.9.34607.119
MinimumVisualStudioVersion = 10.0.40219.1
Project("{9A19103F-16F7-4668-BE54-9A1E7A4F7556}") = "Api", "src\Api\Api.csproj", "{A027B079-7AA3-4DE7-A00F-E81A8B49348B}"
EndProject
Project("{9A19103F-16F7-4668-BE54-9A1E7A4F7556}") = "Application", "src\Application\Application.csproj", "{76F23361-5F9E-4FD2-BFC9-640C9C39F952}"
EndProject
Project("{9A19103F-16F7-4668-BE54-9A1E7A4F7556}") = "Domain", "src\Domain\Domain.csproj", "{D7BFB393-90C0-409D-BB0A-4681A73C61B1}"
EndProject
Project("{9A19103F-16F7-4668-BE54-9A1E7A4F7556}") = "Infrastructure", "src\Infrastructure\Infrastructure.csproj", "{AAA5CA15-0F1A-4CDF-93E8-23C9917AA33A}"
EndProject
Global
	GlobalSection(SolutionConfigurationPlatforms) = preSolution
		Debug|Any CPU = Debug|Any CPU
		Release|Any CPU = Release|Any CPU
	EndGlobalSection
	GlobalSection(ProjectConfigurationPlatforms) = postSolution
		{A027B079-7AA3-4DE7-A00F-E81A8B49348B}.Debug|Any CPU.ActiveCfg = Debug|Any CPU
		{A027B079-7AA3-4DE7-A00F-E81A8B49348B}.Debug|Any CPU.Build.0 = Debug|Any CPU
		{A027B079-7AA3-4DE7-A00F-E81A8B49348B}.Release|Any CPU.ActiveCfg = Release|Any CPU
		{A027B079-7AA3-4DE7-A00F-E81A8B49348B}.Release|Any CPU.Build.0 = Release|Any CPU
		{76F23361-5F9E-4FD2-BFC9-640C9C39F952}.Debug|Any CPU.ActiveCfg = Debug|Any CPU
		{76F23361-5F9E-4FD2-BFC9-640C9C39F952}.Debug|Any CPU.Build.0 = Debug|Any CPU
		{76F23361-5F9E-4FD2-BFC9-640C9C39F952}.Release|Any CPU.ActiveCfg = Release|Any CPU
		{76F23361-5F9E-4FD2-BFC9-640C9C39F952}.Release|Any CPU.Build.0 = Release|Any CPU
		{D7BFB393-90C0-409D-BB0A-4681A73C61B1}.Debug|Any CPU.ActiveCfg = Debug|Any CPU
		{D7BFB393-90C0-409D-BB0A-4681A73C61B1}.Debug|Any CPU.Build.0 = Debug|Any CPU
		{D7BFB393-90C0-409D-BB0A-4681A73C61B1}.Release|Any CPU.ActiveCfg = Release|Any CPU
		{D7BFB393-90C0-409D-BB0A-4681A73C61B1}.Release|Any CPU.Build.0 = Release|Any CPU
		{AAA5CA15-0F1A-4CDF-93E8-23C9917AA33A}.Debug|Any CPU.ActiveCfg = Debug|Any CPU
		{AAA5CA15-0F1A-4CDF-93E8-23C9917AA33A}.Debug|Any CPU.Build.0 = Debug|Any CPU
		{AAA5CA15-0F1A-4CDF-93E8-23C9917AA33A}.Release|Any CPU.ActiveCfg = Release|Any CPU
		{AAA5CA15-0F1A-4CDF-93E8-23C9917AA33A}.Release|Any CPU.Build.0 = Release|Any CPU
	EndGlobalSection
	GlobalSection(SolutionProperties) = preSolution
		HideSolutionNode = FALSE
	EndGlobalSection
	GlobalSection(ExtensibilityGlobals) = postSolution
		SolutionGuid = {60C68953-917C-4CED-A8C9-21CE8E4DA862}
	EndGlobalSection
EndGlobal
